
Microsoft Visual Studio Solution File, Format Version 12.00
# Visual Studio Version 16
VisualStudioVersion = 25.0.1704.2
MinimumVisualStudioVersion = 10.0.40219.1
Project("{2150E333-8FDC-42A3-9474-1A3956D46DE8}") = "Solution Items", "Solution Items", "{62750638-F116-43D4-BEAC-5490F2DEE571}"
	ProjectSection(SolutionItems) = preProject
		README.md = README.md
	EndProjectSection
EndProject
Project("{FAE04EC0-301F-11D3-BF4B-00C04F79EFBC}") = "ClientGUI", "ClientGUI\ClientGUI.csproj", "{502501CE-F865-4CFB-919C-E75A90B434FC}"
EndProject
Project("{FAE04EC0-301F-11D3-BF4B-00C04F79EFBC}") = "Logger", "Logger\Logger.csproj", "{9C3ED93C-C105-4A77-9A40-A50109FC1C03}"
EndProject
Project("{FAE04EC0-301F-11D3-BF4B-00C04F79EFBC}") = "AgarioModels", "AgarioModels\AgarioModels.csproj", "{34D618BC-42D3-4CF1-B3EF-B06E856A97B6}"
EndProject
Project("{FAE04EC0-301F-11D3-BF4B-00C04F79EFBC}") = "TowardAgarioStepOne", "TowardAgarioStepOne\TowardAgarioStepOne.csproj", "{25D1ABEE-447A-45D1-B950-A677A37FA25D}"
EndProject
Project("{FAE04EC0-301F-11D3-BF4B-00C04F79EFBC}") = "TowardAgarioStepTwo", "TowardAgarioStepTwo\TowardAgarioStepTwo.csproj", "{E4FC1CAF-3BAD-460F-8A1D-24DEA7C73729}"
EndProject
Project("{FAE04EC0-301F-11D3-BF4B-00C04F79EFBC}") = "TowardAgarioStepThree", "TowardAgarioStepThree\TowardAgarioStepThree.csproj", "{30D3DDDB-1E14-4597-AD73-F3EE7F822000}"
EndProject
Project("{FAE04EC0-301F-11D3-BF4B-00C04F79EFBC}") = "Library", "Library\Library.csproj", "{F99EBD39-E091-47BA-9A0B-AC3A80EC4A43}"
EndProject
Global
	GlobalSection(SolutionConfigurationPlatforms) = preSolution
		Debug|Any CPU = Debug|Any CPU
		Release|Any CPU = Release|Any CPU
	EndGlobalSection
	GlobalSection(ProjectConfigurationPlatforms) = postSolution
		{502501CE-F865-4CFB-919C-E75A90B434FC}.Debug|Any CPU.ActiveCfg = Debug|Any CPU
		{502501CE-F865-4CFB-919C-E75A90B434FC}.Debug|Any CPU.Build.0 = Debug|Any CPU
		{502501CE-F865-4CFB-919C-E75A90B434FC}.Release|Any CPU.ActiveCfg = Release|Any CPU
		{502501CE-F865-4CFB-919C-E75A90B434FC}.Release|Any CPU.Build.0 = Release|Any CPU
		{9C3ED93C-C105-4A77-9A40-A50109FC1C03}.Debug|Any CPU.ActiveCfg = Debug|Any CPU
		{9C3ED93C-C105-4A77-9A40-A50109FC1C03}.Debug|Any CPU.Build.0 = Debug|Any CPU
		{9C3ED93C-C105-4A77-9A40-A50109FC1C03}.Release|Any CPU.ActiveCfg = Release|Any CPU
		{9C3ED93C-C105-4A77-9A40-A50109FC1C03}.Release|Any CPU.Build.0 = Release|Any CPU
		{34D618BC-42D3-4CF1-B3EF-B06E856A97B6}.Debug|Any CPU.ActiveCfg = Debug|Any CPU
		{34D618BC-42D3-4CF1-B3EF-B06E856A97B6}.Debug|Any CPU.Build.0 = Debug|Any CPU
		{34D618BC-42D3-4CF1-B3EF-B06E856A97B6}.Release|Any CPU.ActiveCfg = Release|Any CPU
		{34D618BC-42D3-4CF1-B3EF-B06E856A97B6}.Release|Any CPU.Build.0 = Release|Any CPU
		{25D1ABEE-447A-45D1-B950-A677A37FA25D}.Debug|Any CPU.ActiveCfg = Debug|Any CPU
		{25D1ABEE-447A-45D1-B950-A677A37FA25D}.Debug|Any CPU.Build.0 = Debug|Any CPU
		{25D1ABEE-447A-45D1-B950-A677A37FA25D}.Release|Any CPU.ActiveCfg = Release|Any CPU
		{25D1ABEE-447A-45D1-B950-A677A37FA25D}.Release|Any CPU.Build.0 = Release|Any CPU
		{E4FC1CAF-3BAD-460F-8A1D-24DEA7C73729}.Debug|Any CPU.ActiveCfg = Debug|Any CPU
		{E4FC1CAF-3BAD-460F-8A1D-24DEA7C73729}.Debug|Any CPU.Build.0 = Debug|Any CPU
		{E4FC1CAF-3BAD-460F-8A1D-24DEA7C73729}.Release|Any CPU.ActiveCfg = Release|Any CPU
		{E4FC1CAF-3BAD-460F-8A1D-24DEA7C73729}.Release|Any CPU.Build.0 = Release|Any CPU
		{30D3DDDB-1E14-4597-AD73-F3EE7F822000}.Debug|Any CPU.ActiveCfg = Debug|Any CPU
		{30D3DDDB-1E14-4597-AD73-F3EE7F822000}.Debug|Any CPU.Build.0 = Debug|Any CPU
		{30D3DDDB-1E14-4597-AD73-F3EE7F822000}.Release|Any CPU.ActiveCfg = Release|Any CPU
		{30D3DDDB-1E14-4597-AD73-F3EE7F822000}.Release|Any CPU.Build.0 = Release|Any CPU
		{F99EBD39-E091-47BA-9A0B-AC3A80EC4A43}.Debug|Any CPU.ActiveCfg = Debug|Any CPU
		{F99EBD39-E091-47BA-9A0B-AC3A80EC4A43}.Debug|Any CPU.Build.0 = Debug|Any CPU
		{F99EBD39-E091-47BA-9A0B-AC3A80EC4A43}.Release|Any CPU.ActiveCfg = Release|Any CPU
		{F99EBD39-E091-47BA-9A0B-AC3A80EC4A43}.Release|Any CPU.Build.0 = Release|Any CPU
	EndGlobalSection
	GlobalSection(SolutionProperties) = preSolution
		HideSolutionNode = FALSE
	EndGlobalSection
	GlobalSection(ExtensibilityGlobals) = postSolution
		SolutionGuid = {1FBBA37B-CDDF-4B8A-9ACA-49878A7A92AB}
	EndGlobalSection
EndGlobal
